
Microsoft Visual Studio Solution File, Format Version 12.00
# Visual Studio Version 16
VisualStudioVersion = 16.0.28922.388
MinimumVisualStudioVersion = 10.0.40219.1
Project("{FAE04EC0-301F-11D3-BF4B-00C04F79EFBC}") = "ConsoleApp1", "ConsoleApp1\ConsoleApp1.csproj", "{0276ED74-6394-4ADF-8457-845B44F76301}"
EndProject
Global
	GlobalSection(SolutionConfigurationPlatforms) = preSolution
		Debug|Any CPU = Debug|Any CPU
		Release|Any CPU = Release|Any CPU
	EndGlobalSection
	GlobalSection(ProjectConfigurationPlatforms) = postSolution
		{0276ED74-6394-4ADF-8457-845B44F76301}.Debug|Any CPU.ActiveCfg = Debug|Any CPU
		{0276ED74-6394-4ADF-8457-845B44F76301}.Debug|Any CPU.Build.0 = Debug|Any CPU
		{0276ED74-6394-4ADF-8457-845B44F76301}.Release|Any CPU.ActiveCfg = Release|Any CPU
		{0276ED74-6394-4ADF-8457-845B44F76301}.Release|Any CPU.Build.0 = Release|Any CPU
	EndGlobalSection
	GlobalSection(SolutionProperties) = preSolution
		HideSolutionNode = FALSE
	EndGlobalSection
	GlobalSection(ExtensibilityGlobals) = postSolution
		SolutionGuid = {3928A274-D417-4720-82A6-E11D87634A63}
	EndGlobalSection
EndGlobal
